
Microsoft Visual Studio Solution File, Format Version 12.00
# Visual Studio Version 16
VisualStudioVersion = 16.0.31402.337
MinimumVisualStudioVersion = 10.0.40219.1
Project("{9A19103F-16F7-4668-BE54-9A1E7A4F7556}") = "SportsXs.Domain", "SportsXs.Domain\SportsXs.Domain.csproj", "{5E827CAF-60CB-4F5F-81B7-0CE68154CF4A}"
EndProject
Project("{9A19103F-16F7-4668-BE54-9A1E7A4F7556}") = "SportsXs.Infra", "SportsXs.Infra\SportsXs.Infra.csproj", "{01F05D13-FACE-4D7F-8A63-1BCE6F288720}"
EndProject
Project("{9A19103F-16F7-4668-BE54-9A1E7A4F7556}") = "SportsXs.API", "SportsXs.API\SportsXs.API.csproj", "{52F8F7BE-DA46-457D-BEB3-BC84F779F1EE}"
EndProject
Global
	GlobalSection(SolutionConfigurationPlatforms) = preSolution
		Debug|Any CPU = Debug|Any CPU
		Release|Any CPU = Release|Any CPU
	EndGlobalSection
	GlobalSection(ProjectConfigurationPlatforms) = postSolution
		{5E827CAF-60CB-4F5F-81B7-0CE68154CF4A}.Debug|Any CPU.ActiveCfg = Debug|Any CPU
		{5E827CAF-60CB-4F5F-81B7-0CE68154CF4A}.Debug|Any CPU.Build.0 = Debug|Any CPU
		{5E827CAF-60CB-4F5F-81B7-0CE68154CF4A}.Release|Any CPU.ActiveCfg = Release|Any CPU
		{5E827CAF-60CB-4F5F-81B7-0CE68154CF4A}.Release|Any CPU.Build.0 = Release|Any CPU
		{01F05D13-FACE-4D7F-8A63-1BCE6F288720}.Debug|Any CPU.ActiveCfg = Debug|Any CPU
		{01F05D13-FACE-4D7F-8A63-1BCE6F288720}.Debug|Any CPU.Build.0 = Debug|Any CPU
		{01F05D13-FACE-4D7F-8A63-1BCE6F288720}.Release|Any CPU.ActiveCfg = Release|Any CPU
		{01F05D13-FACE-4D7F-8A63-1BCE6F288720}.Release|Any CPU.Build.0 = Release|Any CPU
		{52F8F7BE-DA46-457D-BEB3-BC84F779F1EE}.Debug|Any CPU.ActiveCfg = Debug|Any CPU
		{52F8F7BE-DA46-457D-BEB3-BC84F779F1EE}.Debug|Any CPU.Build.0 = Debug|Any CPU
		{52F8F7BE-DA46-457D-BEB3-BC84F779F1EE}.Release|Any CPU.ActiveCfg = Release|Any CPU
		{52F8F7BE-DA46-457D-BEB3-BC84F779F1EE}.Release|Any CPU.Build.0 = Release|Any CPU
	EndGlobalSection
	GlobalSection(SolutionProperties) = preSolution
		HideSolutionNode = FALSE
	EndGlobalSection
	GlobalSection(ExtensibilityGlobals) = postSolution
		SolutionGuid = {04E79AEA-281F-419F-AC40-D73D514B1FFE}
	EndGlobalSection
EndGlobal
